
Microsoft Visual Studio Solution File, Format Version 12.00
# Visual Studio 15
VisualStudioVersion = 15.0.28307.168
MinimumVisualStudioVersion = 10.0.40219.1
Project("{FAE04EC0-301F-11D3-BF4B-00C04F79EFBC}") = "PasswordCracker", "PasswordCracker\PasswordCracker.csproj", "{50ED9951-17AC-489B-BCCC-4A3E3EF528FC}"
EndProject
Global
	GlobalSection(SolutionConfigurationPlatforms) = preSolution
		Debug|Any CPU = Debug|Any CPU
		Release|Any CPU = Release|Any CPU
	EndGlobalSection
	GlobalSection(ProjectConfigurationPlatforms) = postSolution
		{50ED9951-17AC-489B-BCCC-4A3E3EF528FC}.Debug|Any CPU.ActiveCfg = Debug|Any CPU
		{50ED9951-17AC-489B-BCCC-4A3E3EF528FC}.Debug|Any CPU.Build.0 = Debug|Any CPU
		{50ED9951-17AC-489B-BCCC-4A3E3EF528FC}.Release|Any CPU.ActiveCfg = Release|Any CPU
		{50ED9951-17AC-489B-BCCC-4A3E3EF528FC}.Release|Any CPU.Build.0 = Release|Any CPU
	EndGlobalSection
	GlobalSection(SolutionProperties) = preSolution
		HideSolutionNode = FALSE
	EndGlobalSection
	GlobalSection(ExtensibilityGlobals) = postSolution
		SolutionGuid = {FACBCD88-E246-4965-8FD3-D00E42F99579}
	EndGlobalSection
EndGlobal
